
Microsoft Visual Studio Solution File, Format Version 12.00
# Visual Studio Version 16
VisualStudioVersion = 16.0.31424.327
MinimumVisualStudioVersion = 10.0.40219.1
Project("{D954291E-2A0B-460D-934E-DC6B0785DB48}") = "UnoConfDemo.Shared", "UnoConfDemo.Shared\UnoConfDemo.Shared.shproj", "{6279C845-92F8-4333-AB99-3D213163593C}"
EndProject
Project("{2150E333-8FDC-42A3-9474-1A3956D46DE8}") = "Platforms", "Platforms", "{1DBFF386-306B-414E-8F80-D59E3A39F796}"
EndProject
Project("{FAE04EC0-301F-11D3-BF4B-00C04F79EFBC}") = "UnoConfDemo.Droid", "UnoConfDemo.Droid\UnoConfDemo.Droid.csproj", "{E9447C00-BE80-4CBA-8718-52137F66F97C}"
EndProject
Project("{FAE04EC0-301F-11D3-BF4B-00C04F79EFBC}") = "UnoConfDemo.iOS", "UnoConfDemo.iOS\UnoConfDemo.iOS.csproj", "{5115CE72-B14F-45C9-9D7F-01A4AB9D2E2D}"
EndProject
Project("{FAE04EC0-301F-11D3-BF4B-00C04F79EFBC}") = "UnoConfDemo.UWP", "UnoConfDemo.UWP\UnoConfDemo.UWP.csproj", "{B446B032-72B1-4347-AA92-A6EB03394EC3}"
EndProject
Project("{FAE04EC0-301F-11D3-BF4B-00C04F79EFBC}") = "UnoConfDemo.Wasm", "UnoConfDemo.Wasm\UnoConfDemo.Wasm.csproj", "{2466E9A3-2CA6-42BF-A71A-539CFA2CFDEE}"
EndProject
Global
	GlobalSection(SharedMSBuildProjectFiles) = preSolution
		UnoConfDemo.Shared\UnoConfDemo.Shared.projitems*{2466e9a3-2ca6-42bf-a71a-539cfa2cfdee}*SharedItemsImports = 5
		UnoConfDemo.Shared\UnoConfDemo.Shared.projitems*{5115ce72-b14f-45c9-9d7f-01a4ab9d2e2d}*SharedItemsImports = 4
		UnoConfDemo.Shared\UnoConfDemo.Shared.projitems*{6279c845-92f8-4333-ab99-3d213163593c}*SharedItemsImports = 13
		UnoConfDemo.Shared\UnoConfDemo.Shared.projitems*{b446b032-72b1-4347-aa92-a6eb03394ec3}*SharedItemsImports = 4
		UnoConfDemo.Shared\UnoConfDemo.Shared.projitems*{e9447c00-be80-4cba-8718-52137f66f97c}*SharedItemsImports = 4
	EndGlobalSection
	GlobalSection(SolutionConfigurationPlatforms) = preSolution
		Ad-Hoc|Any CPU = Ad-Hoc|Any CPU
		Ad-Hoc|ARM = Ad-Hoc|ARM
		Ad-Hoc|ARM64 = Ad-Hoc|ARM64
		Ad-Hoc|iPhone = Ad-Hoc|iPhone
		Ad-Hoc|iPhoneSimulator = Ad-Hoc|iPhoneSimulator
		Ad-Hoc|x64 = Ad-Hoc|x64
		Ad-Hoc|x86 = Ad-Hoc|x86
		AppStore|Any CPU = AppStore|Any CPU
		AppStore|ARM = AppStore|ARM
		AppStore|ARM64 = AppStore|ARM64
		AppStore|iPhone = AppStore|iPhone
		AppStore|iPhoneSimulator = AppStore|iPhoneSimulator
		AppStore|x64 = AppStore|x64
		AppStore|x86 = AppStore|x86
		Debug|Any CPU = Debug|Any CPU
		Debug|ARM = Debug|ARM
		Debug|ARM64 = Debug|ARM64
		Debug|iPhone = Debug|iPhone
		Debug|iPhoneSimulator = Debug|iPhoneSimulator
		Debug|x64 = Debug|x64
		Debug|x86 = Debug|x86
		Release|Any CPU = Release|Any CPU
		Release|ARM = Release|ARM
		Release|ARM64 = Release|ARM64
		Release|iPhone = Release|iPhone
		Release|iPhoneSimulator = Release|iPhoneSimulator
		Release|x64 = Release|x64
		Release|x86 = Release|x86
	EndGlobalSection
	GlobalSection(ProjectConfigurationPlatforms) = postSolution
		{E9447C00-BE80-4CBA-8718-52137F66F97C}.Ad-Hoc|Any CPU.ActiveCfg = Debug|Any CPU
		{E9447C00-BE80-4CBA-8718-52137F66F97C}.Ad-Hoc|Any CPU.Build.0 = Debug|Any CPU
		{E9447C00-BE80-4CBA-8718-52137F66F97C}.Ad-Hoc|Any CPU.Deploy.0 = Debug|Any CPU
		{E9447C00-BE80-4CBA-8718-52137F66F97C}.Ad-Hoc|ARM.ActiveCfg = Debug|Any CPU
		{E9447C00-BE80-4CBA-8718-52137F66F97C}.Ad-Hoc|ARM.Build.0 = Debug|Any CPU
		{E9447C00-BE80-4CBA-8718-52137F66F97C}.Ad-Hoc|ARM.Deploy.0 = Debug|Any CPU
		{E9447C00-BE80-4CBA-8718-52137F66F97C}.Ad-Hoc|ARM64.ActiveCfg = Debug|Any CPU
		{E9447C00-BE80-4CBA-8718-52137F66F97C}.Ad-Hoc|ARM64.Build.0 = Debug|Any CPU
		{E9447C00-BE80-4CBA-8718-52137F66F97C}.Ad-Hoc|ARM64.Deploy.0 = Debug|Any CPU
		{E9447C00-BE80-4CBA-8718-52137F66F97C}.Ad-Hoc|iPhone.ActiveCfg = Debug|Any CPU
		{E9447C00-BE80-4CBA-8718-52137F66F97C}.Ad-Hoc|iPhone.Build.0 = Debug|Any CPU
		{E9447C00-BE80-4CBA-8718-52137F66F97C}.Ad-Hoc|iPhone.Deploy.0 = Debug|Any CPU
		{E9447C00-BE80-4CBA-8718-52137F66F97C}.Ad-Hoc|iPhoneSimulator.ActiveCfg = Debug|Any CPU
		{E9447C00-BE80-4CBA-8718-52137F66F97C}.Ad-Hoc|iPhoneSimulator.Build.0 = Debug|Any CPU
		{E9447C00-BE80-4CBA-8718-52137F66F97C}.Ad-Hoc|iPhoneSimulator.Deploy.0 = Debug|Any CPU
		{E9447C00-BE80-4CBA-8718-52137F66F97C}.Ad-Hoc|x64.ActiveCfg = Debug|Any CPU
		{E9447C00-BE80-4CBA-8718-52137F66F97C}.Ad-Hoc|x64.Build.0 = Debug|Any CPU
		{E9447C00-BE80-4CBA-8718-52137F66F97C}.Ad-Hoc|x64.Deploy.0 = Debug|Any CPU
		{E9447C00-BE80-4CBA-8718-52137F66F97C}.Ad-Hoc|x86.ActiveCfg = Debug|Any CPU
		{E9447C00-BE80-4CBA-8718-52137F66F97C}.Ad-Hoc|x86.Build.0 = Debug|Any CPU
		{E9447C00-BE80-4CBA-8718-52137F66F97C}.Ad-Hoc|x86.Deploy.0 = Debug|Any CPU
		{E9447C00-BE80-4CBA-8718-52137F66F97C}.AppStore|Any CPU.ActiveCfg = Debug|Any CPU
		{E9447C00-BE80-4CBA-8718-52137F66F97C}.AppStore|Any CPU.Build.0 = Debug|Any CPU
		{E9447C00-BE80-4CBA-8718-52137F66F97C}.AppStore|Any CPU.Deploy.0 = Debug|Any CPU
		{E9447C00-BE80-4CBA-8718-52137F66F97C}.AppStore|ARM.ActiveCfg = Debug|Any CPU
		{E9447C00-BE80-4CBA-8718-52137F66F97C}.AppStore|ARM.Build.0 = Debug|Any CPU
		{E9447C00-BE80-4CBA-8718-52137F66F97C}.AppStore|ARM.Deploy.0 = Debug|Any CPU
		{E9447C00-BE80-4CBA-8718-52137F66F97C}.AppStore|ARM64.ActiveCfg = Debug|Any CPU
		{E9447C00-BE80-4CBA-8718-52137F66F97C}.AppStore|ARM64.Build.0 = Debug|Any CPU
		{E9447C00-BE80-4CBA-8718-52137F66F97C}.AppStore|ARM64.Deploy.0 = Debug|Any CPU
		{E9447C00-BE80-4CBA-8718-52137F66F97C}.AppStore|iPhone.ActiveCfg = Debug|Any CPU
		{E9447C00-BE80-4CBA-8718-52137F66F97C}.AppStore|iPhone.Build.0 = Debug|Any CPU
		{E9447C00-BE80-4CBA-8718-52137F66F97C}.AppStore|iPhone.Deploy.0 = Debug|Any CPU
		{E9447C00-BE80-4CBA-8718-52137F66F97C}.AppStore|iPhoneSimulator.ActiveCfg = Debug|Any CPU
		{E9447C00-BE80-4CBA-8718-52137F66F97C}.AppStore|iPhoneSimulator.Build.0 = Debug|Any CPU
		{E9447C00-BE80-4CBA-8718-52137F66F97C}.AppStore|iPhoneSimulator.Deploy.0 = Debug|Any CPU
		{E9447C00-BE80-4CBA-8718-52137F66F97C}.AppStore|x64.ActiveCfg = Debug|Any CPU
		{E9447C00-BE80-4CBA-8718-52137F66F97C}.AppStore|x64.Build.0 = Debug|Any CPU
		{E9447C00-BE80-4CBA-8718-52137F66F97C}.AppStore|x64.Deploy.0 = Debug|Any CPU
		{E9447C00-BE80-4CBA-8718-52137F66F97C}.AppStore|x86.ActiveCfg = Debug|Any CPU
		{E9447C00-BE80-4CBA-8718-52137F66F97C}.AppStore|x86.Build.0 = Debug|Any CPU
		{E9447C00-BE80-4CBA-8718-52137F66F97C}.AppStore|x86.Deploy.0 = Debug|Any CPU
		{E9447C00-BE80-4CBA-8718-52137F66F97C}.Debug|Any CPU.ActiveCfg = Debug|Any CPU
		{E9447C00-BE80-4CBA-8718-52137F66F97C}.Debug|Any CPU.Build.0 = Debug|Any CPU
		{E9447C00-BE80-4CBA-8718-52137F66F97C}.Debug|Any CPU.Deploy.0 = Debug|Any CPU
		{E9447C00-BE80-4CBA-8718-52137F66F97C}.Debug|ARM.ActiveCfg = Debug|Any CPU
		{E9447C00-BE80-4CBA-8718-52137F66F97C}.Debug|ARM.Build.0 = Debug|Any CPU
		{E9447C00-BE80-4CBA-8718-52137F66F97C}.Debug|ARM.Deploy.0 = Debug|Any CPU
		{E9447C00-BE80-4CBA-8718-52137F66F97C}.Debug|ARM64.ActiveCfg = Debug|Any CPU
		{E9447C00-BE80-4CBA-8718-52137F66F97C}.Debug|ARM64.Build.0 = Debug|Any CPU
		{E9447C00-BE80-4CBA-8718-52137F66F97C}.Debug|ARM64.Deploy.0 = Debug|Any CPU
		{E9447C00-BE80-4CBA-8718-52137F66F97C}.Debug|iPhone.ActiveCfg = Debug|Any CPU
		{E9447C00-BE80-4CBA-8718-52137F66F97C}.Debug|iPhone.Build.0 = Debug|Any CPU
		{E9447C00-BE80-4CBA-8718-52137F66F97C}.Debug|iPhone.Deploy.0 = Debug|Any CPU
		{E9447C00-BE80-4CBA-8718-52137F66F97C}.Debug|iPhoneSimulator.ActiveCfg = Debug|Any CPU
		{E9447C00-BE80-4CBA-8718-52137F66F97C}.Debug|iPhoneSimulator.Build.0 = Debug|Any CPU
		{E9447C00-BE80-4CBA-8718-52137F66F97C}.Debug|iPhoneSimulator.Deploy.0 = Debug|Any CPU
		{E9447C00-BE80-4CBA-8718-52137F66F97C}.Debug|x64.ActiveCfg = Debug|Any CPU
		{E9447C00-BE80-4CBA-8718-52137F66F97C}.Debug|x64.Build.0 = Debug|Any CPU
		{E9447C00-BE80-4CBA-8718-52137F66F97C}.Debug|x64.Deploy.0 = Debug|Any CPU
		{E9447C00-BE80-4CBA-8718-52137F66F97C}.Debug|x86.ActiveCfg = Debug|Any CPU
		{E9447C00-BE80-4CBA-8718-52137F66F97C}.Debug|x86.Build.0 = Debug|Any CPU
		{E9447C00-BE80-4CBA-8718-52137F66F97C}.Debug|x86.Deploy.0 = Debug|Any CPU
		{E9447C00-BE80-4CBA-8718-52137F66F97C}.Release|Any CPU.ActiveCfg = Release|Any CPU
		{E9447C00-BE80-4CBA-8718-52137F66F97C}.Release|Any CPU.Build.0 = Release|Any CPU
		{E9447C00-BE80-4CBA-8718-52137F66F97C}.Release|Any CPU.Deploy.0 = Release|Any CPU
		{E9447C00-BE80-4CBA-8718-52137F66F97C}.Release|ARM.ActiveCfg = Release|Any CPU
		{E9447C00-BE80-4CBA-8718-52137F66F97C}.Release|ARM.Build.0 = Release|Any CPU
		{E9447C00-BE80-4CBA-8718-52137F66F97C}.Release|ARM.Deploy.0 = Release|Any CPU
		{E9447C00-BE80-4CBA-8718-52137F66F97C}.Release|ARM64.ActiveCfg = Release|Any CPU
		{E9447C00-BE80-4CBA-8718-52137F66F97C}.Release|ARM64.Build.0 = Release|Any CPU
		{E9447C00-BE80-4CBA-8718-52137F66F97C}.Release|ARM64.Deploy.0 = Release|Any CPU
		{E9447C00-BE80-4CBA-8718-52137F66F97C}.Release|iPhone.ActiveCfg = Release|Any CPU
		{E9447C00-BE80-4CBA-8718-52137F66F97C}.Release|iPhone.Build.0 = Release|Any CPU
		{E9447C00-BE80-4CBA-8718-52137F66F97C}.Release|iPhone.Deploy.0 = Release|Any CPU
		{E9447C00-BE80-4CBA-8718-52137F66F97C}.Release|iPhoneSimulator.ActiveCfg = Release|Any CPU
		{E9447C00-BE80-4CBA-8718-52137F66F97C}.Release|iPhoneSimulator.Build.0 = Release|Any CPU
		{E9447C00-BE80-4CBA-8718-52137F66F97C}.Release|iPhoneSimulator.Deploy.0 = Release|Any CPU
		{E9447C00-BE80-4CBA-8718-52137F66F97C}.Release|x64.ActiveCfg = Release|Any CPU
		{E9447C00-BE80-4CBA-8718-52137F66F97C}.Release|x64.Build.0 = Release|Any CPU
		{E9447C00-BE80-4CBA-8718-52137F66F97C}.Release|x64.Deploy.0 = Release|Any CPU
		{E9447C00-BE80-4CBA-8718-52137F66F97C}.Release|x86.ActiveCfg = Release|Any CPU
		{E9447C00-BE80-4CBA-8718-52137F66F97C}.Release|x86.Build.0 = Release|Any CPU
		{E9447C00-BE80-4CBA-8718-52137F66F97C}.Release|x86.Deploy.0 = Release|Any CPU
		{5115CE72-B14F-45C9-9D7F-01A4AB9D2E2D}.Ad-Hoc|Any CPU.ActiveCfg = Ad-Hoc|iPhoneSimulator
		{5115CE72-B14F-45C9-9D7F-01A4AB9D2E2D}.Ad-Hoc|ARM.ActiveCfg = Ad-Hoc|iPhoneSimulator
		{5115CE72-B14F-45C9-9D7F-01A4AB9D2E2D}.Ad-Hoc|ARM64.ActiveCfg = Ad-Hoc|iPhoneSimulator
		{5115CE72-B14F-45C9-9D7F-01A4AB9D2E2D}.Ad-Hoc|iPhone.ActiveCfg = Ad-Hoc|iPhone
		{5115CE72-B14F-45C9-9D7F-01A4AB9D2E2D}.Ad-Hoc|iPhone.Build.0 = Ad-Hoc|iPhone
		{5115CE72-B14F-45C9-9D7F-01A4AB9D2E2D}.Ad-Hoc|iPhoneSimulator.ActiveCfg = Ad-Hoc|iPhoneSimulator
		{5115CE72-B14F-45C9-9D7F-01A4AB9D2E2D}.Ad-Hoc|iPhoneSimulator.Build.0 = Ad-Hoc|iPhoneSimulator
		{5115CE72-B14F-45C9-9D7F-01A4AB9D2E2D}.Ad-Hoc|x64.ActiveCfg = Ad-Hoc|iPhoneSimulator
		{5115CE72-B14F-45C9-9D7F-01A4AB9D2E2D}.Ad-Hoc|x86.ActiveCfg = Ad-Hoc|iPhoneSimulator
		{5115CE72-B14F-45C9-9D7F-01A4AB9D2E2D}.AppStore|Any CPU.ActiveCfg = AppStore|iPhoneSimulator
		{5115CE72-B14F-45C9-9D7F-01A4AB9D2E2D}.AppStore|ARM.ActiveCfg = AppStore|iPhoneSimulator
		{5115CE72-B14F-45C9-9D7F-01A4AB9D2E2D}.AppStore|ARM64.ActiveCfg = AppStore|iPhoneSimulator
		{5115CE72-B14F-45C9-9D7F-01A4AB9D2E2D}.AppStore|iPhone.ActiveCfg = AppStore|iPhone
		{5115CE72-B14F-45C9-9D7F-01A4AB9D2E2D}.AppStore|iPhone.Build.0 = AppStore|iPhone
		{5115CE72-B14F-45C9-9D7F-01A4AB9D2E2D}.AppStore|iPhoneSimulator.ActiveCfg = AppStore|iPhoneSimulator
		{5115CE72-B14F-45C9-9D7F-01A4AB9D2E2D}.AppStore|iPhoneSimulator.Build.0 = AppStore|iPhoneSimulator
		{5115CE72-B14F-45C9-9D7F-01A4AB9D2E2D}.AppStore|x64.ActiveCfg = AppStore|iPhoneSimulator
		{5115CE72-B14F-45C9-9D7F-01A4AB9D2E2D}.AppStore|x86.ActiveCfg = AppStore|iPhoneSimulator
		{5115CE72-B14F-45C9-9D7F-01A4AB9D2E2D}.Debug|Any CPU.ActiveCfg = Debug|iPhoneSimulator
		{5115CE72-B14F-45C9-9D7F-01A4AB9D2E2D}.Debug|ARM.ActiveCfg = Debug|iPhoneSimulator
		{5115CE72-B14F-45C9-9D7F-01A4AB9D2E2D}.Debug|ARM64.ActiveCfg = Debug|iPhoneSimulator
		{5115CE72-B14F-45C9-9D7F-01A4AB9D2E2D}.Debug|iPhone.ActiveCfg = Debug|iPhone
		{5115CE72-B14F-45C9-9D7F-01A4AB9D2E2D}.Debug|iPhone.Build.0 = Debug|iPhone
		{5115CE72-B14F-45C9-9D7F-01A4AB9D2E2D}.Debug|iPhone.Deploy.0 = Debug|iPhone
		{5115CE72-B14F-45C9-9D7F-01A4AB9D2E2D}.Debug|iPhoneSimulator.ActiveCfg = Debug|iPhoneSimulator
		{5115CE72-B14F-45C9-9D7F-01A4AB9D2E2D}.Debug|iPhoneSimulator.Build.0 = Debug|iPhoneSimulator
		{5115CE72-B14F-45C9-9D7F-01A4AB9D2E2D}.Debug|x64.ActiveCfg = Debug|iPhoneSimulator
		{5115CE72-B14F-45C9-9D7F-01A4AB9D2E2D}.Debug|x86.ActiveCfg = Debug|iPhoneSimulator
		{5115CE72-B14F-45C9-9D7F-01A4AB9D2E2D}.Release|Any CPU.ActiveCfg = Release|iPhoneSimulator
		{5115CE72-B14F-45C9-9D7F-01A4AB9D2E2D}.Release|ARM.ActiveCfg = Release|iPhoneSimulator
		{5115CE72-B14F-45C9-9D7F-01A4AB9D2E2D}.Release|ARM64.ActiveCfg = Release|iPhoneSimulator
		{5115CE72-B14F-45C9-9D7F-01A4AB9D2E2D}.Release|iPhone.ActiveCfg = Release|iPhone
		{5115CE72-B14F-45C9-9D7F-01A4AB9D2E2D}.Release|iPhone.Build.0 = Release|iPhone
		{5115CE72-B14F-45C9-9D7F-01A4AB9D2E2D}.Release|iPhoneSimulator.ActiveCfg = Release|iPhoneSimulator
		{5115CE72-B14F-45C9-9D7F-01A4AB9D2E2D}.Release|iPhoneSimulator.Build.0 = Release|iPhoneSimulator
		{5115CE72-B14F-45C9-9D7F-01A4AB9D2E2D}.Release|x64.ActiveCfg = Release|iPhoneSimulator
		{5115CE72-B14F-45C9-9D7F-01A4AB9D2E2D}.Release|x86.ActiveCfg = Release|iPhoneSimulator
		{B446B032-72B1-4347-AA92-A6EB03394EC3}.Ad-Hoc|Any CPU.ActiveCfg = Debug|x86
		{B446B032-72B1-4347-AA92-A6EB03394EC3}.Ad-Hoc|Any CPU.Build.0 = Debug|x86
		{B446B032-72B1-4347-AA92-A6EB03394EC3}.Ad-Hoc|Any CPU.Deploy.0 = Debug|x86
		{B446B032-72B1-4347-AA92-A6EB03394EC3}.Ad-Hoc|ARM.ActiveCfg = Debug|ARM
		{B446B032-72B1-4347-AA92-A6EB03394EC3}.Ad-Hoc|ARM.Build.0 = Debug|ARM
		{B446B032-72B1-4347-AA92-A6EB03394EC3}.Ad-Hoc|ARM.Deploy.0 = Debug|ARM
		{B446B032-72B1-4347-AA92-A6EB03394EC3}.Ad-Hoc|ARM64.ActiveCfg = Debug|ARM64
		{B446B032-72B1-4347-AA92-A6EB03394EC3}.Ad-Hoc|ARM64.Build.0 = Debug|ARM64
		{B446B032-72B1-4347-AA92-A6EB03394EC3}.Ad-Hoc|ARM64.Deploy.0 = Debug|ARM64
		{B446B032-72B1-4347-AA92-A6EB03394EC3}.Ad-Hoc|iPhone.ActiveCfg = Debug|x86
		{B446B032-72B1-4347-AA92-A6EB03394EC3}.Ad-Hoc|iPhone.Build.0 = Debug|x86
		{B446B032-72B1-4347-AA92-A6EB03394EC3}.Ad-Hoc|iPhone.Deploy.0 = Debug|x86
		{B446B032-72B1-4347-AA92-A6EB03394EC3}.Ad-Hoc|iPhoneSimulator.ActiveCfg = Debug|x86
		{B446B032-72B1-4347-AA92-A6EB03394EC3}.Ad-Hoc|iPhoneSimulator.Build.0 = Debug|x86
		{B446B032-72B1-4347-AA92-A6EB03394EC3}.Ad-Hoc|iPhoneSimulator.Deploy.0 = Debug|x86
		{B446B032-72B1-4347-AA92-A6EB03394EC3}.Ad-Hoc|x64.ActiveCfg = Debug|x64
		{B446B032-72B1-4347-AA92-A6EB03394EC3}.Ad-Hoc|x64.Build.0 = Debug|x64
		{B446B032-72B1-4347-AA92-A6EB03394EC3}.Ad-Hoc|x64.Deploy.0 = Debug|x64
		{B446B032-72B1-4347-AA92-A6EB03394EC3}.Ad-Hoc|x86.ActiveCfg = Debug|x86
		{B446B032-72B1-4347-AA92-A6EB03394EC3}.Ad-Hoc|x86.Build.0 = Debug|x86
		{B446B032-72B1-4347-AA92-A6EB03394EC3}.Ad-Hoc|x86.Deploy.0 = Debug|x86
		{B446B032-72B1-4347-AA92-A6EB03394EC3}.AppStore|Any CPU.ActiveCfg = Debug|x86
		{B446B032-72B1-4347-AA92-A6EB03394EC3}.AppStore|Any CPU.Build.0 = Debug|x86
		{B446B032-72B1-4347-AA92-A6EB03394EC3}.AppStore|Any CPU.Deploy.0 = Debug|x86
		{B446B032-72B1-4347-AA92-A6EB03394EC3}.AppStore|ARM.ActiveCfg = Debug|ARM
		{B446B032-72B1-4347-AA92-A6EB03394EC3}.AppStore|ARM.Build.0 = Debug|ARM
		{B446B032-72B1-4347-AA92-A6EB03394EC3}.AppStore|ARM.Deploy.0 = Debug|ARM
		{B446B032-72B1-4347-AA92-A6EB03394EC3}.AppStore|ARM64.ActiveCfg = Debug|ARM64
		{B446B032-72B1-4347-AA92-A6EB03394EC3}.AppStore|ARM64.Build.0 = Debug|ARM64
		{B446B032-72B1-4347-AA92-A6EB03394EC3}.AppStore|ARM64.Deploy.0 = Debug|ARM64
		{B446B032-72B1-4347-AA92-A6EB03394EC3}.AppStore|iPhone.ActiveCfg = Debug|x86
		{B446B032-72B1-4347-AA92-A6EB03394EC3}.AppStore|iPhone.Build.0 = Debug|x86
		{B446B032-72B1-4347-AA92-A6EB03394EC3}.AppStore|iPhone.Deploy.0 = Debug|x86
		{B446B032-72B1-4347-AA92-A6EB03394EC3}.AppStore|iPhoneSimulator.ActiveCfg = Debug|x86
		{B446B032-72B1-4347-AA92-A6EB03394EC3}.AppStore|iPhoneSimulator.Build.0 = Debug|x86
		{B446B032-72B1-4347-AA92-A6EB03394EC3}.AppStore|iPhoneSimulator.Deploy.0 = Debug|x86
		{B446B032-72B1-4347-AA92-A6EB03394EC3}.AppStore|x64.ActiveCfg = Debug|x64
		{B446B032-72B1-4347-AA92-A6EB03394EC3}.AppStore|x64.Build.0 = Debug|x64
		{B446B032-72B1-4347-AA92-A6EB03394EC3}.AppStore|x64.Deploy.0 = Debug|x64
		{B446B032-72B1-4347-AA92-A6EB03394EC3}.AppStore|x86.ActiveCfg = Debug|x86
		{B446B032-72B1-4347-AA92-A6EB03394EC3}.AppStore|x86.Build.0 = Debug|x86
		{B446B032-72B1-4347-AA92-A6EB03394EC3}.AppStore|x86.Deploy.0 = Debug|x86
		{B446B032-72B1-4347-AA92-A6EB03394EC3}.Debug|Any CPU.ActiveCfg = Debug|x86
		{B446B032-72B1-4347-AA92-A6EB03394EC3}.Debug|Any CPU.Build.0 = Debug|x86
		{B446B032-72B1-4347-AA92-A6EB03394EC3}.Debug|Any CPU.Deploy.0 = Debug|x86
		{B446B032-72B1-4347-AA92-A6EB03394EC3}.Debug|ARM.ActiveCfg = Debug|ARM
		{B446B032-72B1-4347-AA92-A6EB03394EC3}.Debug|ARM.Build.0 = Debug|ARM
		{B446B032-72B1-4347-AA92-A6EB03394EC3}.Debug|ARM.Deploy.0 = Debug|ARM
		{B446B032-72B1-4347-AA92-A6EB03394EC3}.Debug|ARM64.ActiveCfg = Debug|ARM64
		{B446B032-72B1-4347-AA92-A6EB03394EC3}.Debug|ARM64.Build.0 = Debug|ARM64
		{B446B032-72B1-4347-AA92-A6EB03394EC3}.Debug|ARM64.Deploy.0 = Debug|ARM64
		{B446B032-72B1-4347-AA92-A6EB03394EC3}.Debug|iPhone.ActiveCfg = Debug|x86
		{B446B032-72B1-4347-AA92-A6EB03394EC3}.Debug|iPhone.Deploy.0 = Debug|x86
		{B446B032-72B1-4347-AA92-A6EB03394EC3}.Debug|iPhoneSimulator.ActiveCfg = Debug|x86
		{B446B032-72B1-4347-AA92-A6EB03394EC3}.Debug|x64.ActiveCfg = Debug|x64
		{B446B032-72B1-4347-AA92-A6EB03394EC3}.Debug|x64.Build.0 = Debug|x64
		{B446B032-72B1-4347-AA92-A6EB03394EC3}.Debug|x64.Deploy.0 = Debug|x64
		{B446B032-72B1-4347-AA92-A6EB03394EC3}.Debug|x86.ActiveCfg = Debug|x86
		{B446B032-72B1-4347-AA92-A6EB03394EC3}.Debug|x86.Build.0 = Debug|x86
		{B446B032-72B1-4347-AA92-A6EB03394EC3}.Debug|x86.Deploy.0 = Debug|x86
		{B446B032-72B1-4347-AA92-A6EB03394EC3}.Release|Any CPU.ActiveCfg = Release|x86
		{B446B032-72B1-4347-AA92-A6EB03394EC3}.Release|ARM.ActiveCfg = Release|ARM
		{B446B032-72B1-4347-AA92-A6EB03394EC3}.Release|ARM.Build.0 = Release|ARM
		{B446B032-72B1-4347-AA92-A6EB03394EC3}.Release|ARM.Deploy.0 = Release|ARM
		{B446B032-72B1-4347-AA92-A6EB03394EC3}.Release|ARM64.ActiveCfg = Release|ARM64
		{B446B032-72B1-4347-AA92-A6EB03394EC3}.Release|ARM64.Build.0 = Release|ARM64
		{B446B032-72B1-4347-AA92-A6EB03394EC3}.Release|ARM64.Deploy.0 = Release|ARM64
		{B446B032-72B1-4347-AA92-A6EB03394EC3}.Release|iPhone.ActiveCfg = Release|x86
		{B446B032-72B1-4347-AA92-A6EB03394EC3}.Release|iPhoneSimulator.ActiveCfg = Release|x86
		{B446B032-72B1-4347-AA92-A6EB03394EC3}.Release|x64.ActiveCfg = Release|x64
		{B446B032-72B1-4347-AA92-A6EB03394EC3}.Release|x64.Build.0 = Release|x64
		{B446B032-72B1-4347-AA92-A6EB03394EC3}.Release|x64.Deploy.0 = Release|x64
		{B446B032-72B1-4347-AA92-A6EB03394EC3}.Release|x86.ActiveCfg = Release|x86
		{B446B032-72B1-4347-AA92-A6EB03394EC3}.Release|x86.Build.0 = Release|x86
		{B446B032-72B1-4347-AA92-A6EB03394EC3}.Release|x86.Deploy.0 = Release|x86
		{2466E9A3-2CA6-42BF-A71A-539CFA2CFDEE}.Ad-Hoc|Any CPU.ActiveCfg = Debug|Any CPU
		{2466E9A3-2CA6-42BF-A71A-539CFA2CFDEE}.Ad-Hoc|Any CPU.Build.0 = Debug|Any CPU
		{2466E9A3-2CA6-42BF-A71A-539CFA2CFDEE}.Ad-Hoc|ARM.ActiveCfg = Debug|Any CPU
		{2466E9A3-2CA6-42BF-A71A-539CFA2CFDEE}.Ad-Hoc|ARM.Build.0 = Debug|Any CPU
		{2466E9A3-2CA6-42BF-A71A-539CFA2CFDEE}.Ad-Hoc|ARM64.ActiveCfg = Debug|Any CPU
		{2466E9A3-2CA6-42BF-A71A-539CFA2CFDEE}.Ad-Hoc|ARM64.Build.0 = Debug|Any CPU
		{2466E9A3-2CA6-42BF-A71A-539CFA2CFDEE}.Ad-Hoc|iPhone.ActiveCfg = Debug|Any CPU
		{2466E9A3-2CA6-42BF-A71A-539CFA2CFDEE}.Ad-Hoc|iPhone.Build.0 = Debug|Any CPU
		{2466E9A3-2CA6-42BF-A71A-539CFA2CFDEE}.Ad-Hoc|iPhoneSimulator.ActiveCfg = Debug|Any CPU
		{2466E9A3-2CA6-42BF-A71A-539CFA2CFDEE}.Ad-Hoc|iPhoneSimulator.Build.0 = Debug|Any CPU
		{2466E9A3-2CA6-42BF-A71A-539CFA2CFDEE}.Ad-Hoc|x64.ActiveCfg = Debug|Any CPU
		{2466E9A3-2CA6-42BF-A71A-539CFA2CFDEE}.Ad-Hoc|x64.Build.0 = Debug|Any CPU
		{2466E9A3-2CA6-42BF-A71A-539CFA2CFDEE}.Ad-Hoc|x86.ActiveCfg = Debug|Any CPU
		{2466E9A3-2CA6-42BF-A71A-539CFA2CFDEE}.Ad-Hoc|x86.Build.0 = Debug|Any CPU
		{2466E9A3-2CA6-42BF-A71A-539CFA2CFDEE}.AppStore|Any CPU.ActiveCfg = Debug|Any CPU
		{2466E9A3-2CA6-42BF-A71A-539CFA2CFDEE}.AppStore|Any CPU.Build.0 = Debug|Any CPU
		{2466E9A3-2CA6-42BF-A71A-539CFA2CFDEE}.AppStore|ARM.ActiveCfg = Debug|Any CPU
		{2466E9A3-2CA6-42BF-A71A-539CFA2CFDEE}.AppStore|ARM.Build.0 = Debug|Any CPU
		{2466E9A3-2CA6-42BF-A71A-539CFA2CFDEE}.AppStore|ARM64.ActiveCfg = Debug|Any CPU
		{2466E9A3-2CA6-42BF-A71A-539CFA2CFDEE}.AppStore|ARM64.Build.0 = Debug|Any CPU
		{2466E9A3-2CA6-42BF-A71A-539CFA2CFDEE}.AppStore|iPhone.ActiveCfg = Debug|Any CPU
		{2466E9A3-2CA6-42BF-A71A-539CFA2CFDEE}.AppStore|iPhone.Build.0 = Debug|Any CPU
		{2466E9A3-2CA6-42BF-A71A-539CFA2CFDEE}.AppStore|iPhoneSimulator.ActiveCfg = Debug|Any CPU
		{2466E9A3-2CA6-42BF-A71A-539CFA2CFDEE}.AppStore|iPhoneSimulator.Build.0 = Debug|Any CPU
		{2466E9A3-2CA6-42BF-A71A-539CFA2CFDEE}.AppStore|x64.ActiveCfg = Debug|Any CPU
		{2466E9A3-2CA6-42BF-A71A-539CFA2CFDEE}.AppStore|x64.Build.0 = Debug|Any CPU
		{2466E9A3-2CA6-42BF-A71A-539CFA2CFDEE}.AppStore|x86.ActiveCfg = Debug|Any CPU
		{2466E9A3-2CA6-42BF-A71A-539CFA2CFDEE}.AppStore|x86.Build.0 = Debug|Any CPU
		{2466E9A3-2CA6-42BF-A71A-539CFA2CFDEE}.Debug|Any CPU.ActiveCfg = Debug|Any CPU
		{2466E9A3-2CA6-42BF-A71A-539CFA2CFDEE}.Debug|Any CPU.Build.0 = Debug|Any CPU
		{2466E9A3-2CA6-42BF-A71A-539CFA2CFDEE}.Debug|ARM.ActiveCfg = Debug|Any CPU
		{2466E9A3-2CA6-42BF-A71A-539CFA2CFDEE}.Debug|ARM.Build.0 = Debug|Any CPU
		{2466E9A3-2CA6-42BF-A71A-539CFA2CFDEE}.Debug|ARM64.ActiveCfg = Debug|Any CPU
		{2466E9A3-2CA6-42BF-A71A-539CFA2CFDEE}.Debug|ARM64.Build.0 = Debug|Any CPU
		{2466E9A3-2CA6-42BF-A71A-539CFA2CFDEE}.Debug|iPhone.ActiveCfg = Debug|Any CPU
		{2466E9A3-2CA6-42BF-A71A-539CFA2CFDEE}.Debug|iPhone.Build.0 = Debug|Any CPU
		{2466E9A3-2CA6-42BF-A71A-539CFA2CFDEE}.Debug|iPhoneSimulator.ActiveCfg = Debug|Any CPU
		{2466E9A3-2CA6-42BF-A71A-539CFA2CFDEE}.Debug|iPhoneSimulator.Build.0 = Debug|Any CPU
		{2466E9A3-2CA6-42BF-A71A-539CFA2CFDEE}.Debug|x64.ActiveCfg = Debug|Any CPU
		{2466E9A3-2CA6-42BF-A71A-539CFA2CFDEE}.Debug|x64.Build.0 = Debug|Any CPU
		{2466E9A3-2CA6-42BF-A71A-539CFA2CFDEE}.Debug|x86.ActiveCfg = Debug|Any CPU
		{2466E9A3-2CA6-42BF-A71A-539CFA2CFDEE}.Debug|x86.Build.0 = Debug|Any CPU
		{2466E9A3-2CA6-42BF-A71A-539CFA2CFDEE}.Release|Any CPU.ActiveCfg = Release|Any CPU
		{2466E9A3-2CA6-42BF-A71A-539CFA2CFDEE}.Release|Any CPU.Build.0 = Release|Any CPU
		{2466E9A3-2CA6-42BF-A71A-539CFA2CFDEE}.Release|ARM.ActiveCfg = Release|Any CPU
		{2466E9A3-2CA6-42BF-A71A-539CFA2CFDEE}.Release|ARM.Build.0 = Release|Any CPU
		{2466E9A3-2CA6-42BF-A71A-539CFA2CFDEE}.Release|ARM64.ActiveCfg = Release|Any CPU
		{2466E9A3-2CA6-42BF-A71A-539CFA2CFDEE}.Release|ARM64.Build.0 = Release|Any CPU
		{2466E9A3-2CA6-42BF-A71A-539CFA2CFDEE}.Release|iPhone.ActiveCfg = Release|Any CPU
		{2466E9A3-2CA6-42BF-A71A-539CFA2CFDEE}.Release|iPhone.Build.0 = Release|Any CPU
		{2466E9A3-2CA6-42BF-A71A-539CFA2CFDEE}.Release|iPhoneSimulator.ActiveCfg = Release|Any CPU
		{2466E9A3-2CA6-42BF-A71A-539CFA2CFDEE}.Release|iPhoneSimulator.Build.0 = Release|Any CPU
		{2466E9A3-2CA6-42BF-A71A-539CFA2CFDEE}.Release|x64.ActiveCfg = Release|Any CPU
		{2466E9A3-2CA6-42BF-A71A-539CFA2CFDEE}.Release|x64.Build.0 = Release|Any CPU
		{2466E9A3-2CA6-42BF-A71A-539CFA2CFDEE}.Release|x86.ActiveCfg = Release|Any CPU
		{2466E9A3-2CA6-42BF-A71A-539CFA2CFDEE}.Release|x86.Build.0 = Release|Any CPU
	EndGlobalSection
	GlobalSection(SolutionProperties) = preSolution
		HideSolutionNode = FALSE
	EndGlobalSection
	GlobalSection(NestedProjects) = preSolution
		{E9447C00-BE80-4CBA-8718-52137F66F97C} = {1DBFF386-306B-414E-8F80-D59E3A39F796}
		{5115CE72-B14F-45C9-9D7F-01A4AB9D2E2D} = {1DBFF386-306B-414E-8F80-D59E3A39F796}
		{B446B032-72B1-4347-AA92-A6EB03394EC3} = {1DBFF386-306B-414E-8F80-D59E3A39F796}
		{2466E9A3-2CA6-42BF-A71A-539CFA2CFDEE} = {1DBFF386-306B-414E-8F80-D59E3A39F796}
	EndGlobalSection
	GlobalSection(ExtensibilityGlobals) = postSolution
		SolutionGuid = {5D52DA28-F88E-4295-A1F1-B6E604BAFFED}
	EndGlobalSection
EndGlobal
